Microsoft Visual Studio Solution File, Format Version 12.00
# Visual Studio Version 17
VisualStudioVersion = 17.0.31903.59
MinimumVisualStudioVersion = 10.0.40219.1
Project("{FAE04EC0-301F-11D3-BF4B-00C04F79EFBC}") = "OfficeEditor.Core", "OfficeEditor.Core\OfficeEditor.Core.csproj", "{A1B2C3D4-E5F6-7890-ABCD-EF1234567890}"
EndProject
Project("{FAE04EC0-301F-11D3-BF4B-00C04F79EFBC}") = "DocxEditor.Core", "DocxEditor.Core\DocxEditor.Core.csproj", "{37537720-FDD7-4C52-8C58-0CAC096C275F}"
EndProject
Project("{FAE04EC0-301F-11D3-BF4B-00C04F79EFBC}") = "OfficeEditor.Cli", "OfficeEditor.Cli\OfficeEditor.Cli.csproj", "{D4E5F6A7-B8C9-0123-DEF0-456789012345}"
EndProject
Project("{FAE04EC0-301F-11D3-BF4B-00C04F79EFBC}") = "DocxEditor.Cli", "DocxEditor.Cli\DocxEditor.Cli.csproj", "{49AF2B36-E95B-42DF-BFBB-C54FAC803DEA}"
EndProject
Project("{FAE04EC0-301F-11D3-BF4B-00C04F79EFBC}") = "PptxEditor.Core", "PptxEditor.Core\PptxEditor.Core.csproj", "{B2C3D4E5-F6A7-8901-BCDE-F23456789012}"
EndProject
Project("{FAE04EC0-301F-11D3-BF4B-00C04F79EFBC}") = "XlsxEditor.Core", "XlsxEditor.Core\XlsxEditor.Core.csproj", "{C3D4E5F6-A7B8-9012-CDEF-345678901234}"
EndProject
Project("{FAE04EC0-301F-11D3-BF4B-00C04F79EFBC}") = "DocxEditor.Tests", "DocxEditor.Tests\DocxEditor.Tests.csproj", "{7D608881-5EB2-4926-B344-64E5E292FCBD}"
EndProject
Project("{FAE04EC0-301F-11D3-BF4B-00C04F79EFBC}") = "TypstBridge.Managed", "TypstBridge\managed\TypstBridge.Managed.csproj", "{A6A65176-2912-4932-82EF-8CF12E24463A}"
EndProject
Project("{2150E333-8FDC-42A3-9474-1A3956D46DE8}") = "tools", "tools", "{07C2787E-EAC7-C090-1BA3-A61EC2A24D84}"
EndProject
Project("{FAE04EC0-301F-11D3-BF4B-00C04F79EFBC}") = "convert-docx", "tools\convert-docx\convert-docx.csproj", "{0896715C-64D4-4ACB-B347-31E154D01D97}"
EndProject
Project("{FAE04EC0-301F-11D3-BF4B-00C04F79EFBC}") = "visual-diff", "tools\visual-diff\visual-diff.csproj", "{2A3D6E31-0D0B-4E1C-BBB0-51A4AC34E3BE}"
EndProject
Project("{FAE04EC0-301F-11D3-BF4B-00C04F79EFBC}") = "OfficeEditor.Api", "OfficeEditor.Api\OfficeEditor.Api.csproj", "{91B03161-10B6-4023-A284-9DD66E93EBD4}"
EndProject
Global
	GlobalSection(SolutionConfigurationPlatforms) = preSolution
		Debug|Any CPU = Debug|Any CPU
		Debug|x64 = Debug|x64
		Debug|x86 = Debug|x86
		Release|Any CPU = Release|Any CPU
		Release|x64 = Release|x64
		Release|x86 = Release|x86
	EndGlobalSection
	GlobalSection(ProjectConfigurationPlatforms) = postSolution
		{A1B2C3D4-E5F6-7890-ABCD-EF1234567890}.Debug|Any CPU.ActiveCfg = Debug|Any CPU
		{A1B2C3D4-E5F6-7890-ABCD-EF1234567890}.Debug|Any CPU.Build.0 = Debug|Any CPU
		{A1B2C3D4-E5F6-7890-ABCD-EF1234567890}.Debug|x64.ActiveCfg = Debug|Any CPU
		{A1B2C3D4-E5F6-7890-ABCD-EF1234567890}.Debug|x64.Build.0 = Debug|Any CPU
		{A1B2C3D4-E5F6-7890-ABCD-EF1234567890}.Debug|x86.ActiveCfg = Debug|Any CPU
		{A1B2C3D4-E5F6-7890-ABCD-EF1234567890}.Debug|x86.Build.0 = Debug|Any CPU
		{A1B2C3D4-E5F6-7890-ABCD-EF1234567890}.Release|Any CPU.ActiveCfg = Release|Any CPU
		{A1B2C3D4-E5F6-7890-ABCD-EF1234567890}.Release|Any CPU.Build.0 = Release|Any CPU
		{A1B2C3D4-E5F6-7890-ABCD-EF1234567890}.Release|x64.ActiveCfg = Release|Any CPU
		{A1B2C3D4-E5F6-7890-ABCD-EF1234567890}.Release|x64.Build.0 = Release|Any CPU
		{A1B2C3D4-E5F6-7890-ABCD-EF1234567890}.Release|x86.ActiveCfg = Release|Any CPU
		{A1B2C3D4-E5F6-7890-ABCD-EF1234567890}.Release|x86.Build.0 = Release|Any CPU
		{37537720-FDD7-4C52-8C58-0CAC096C275F}.Debug|Any CPU.ActiveCfg = Debug|Any CPU
		{37537720-FDD7-4C52-8C58-0CAC096C275F}.Debug|Any CPU.Build.0 = Debug|Any CPU
		{37537720-FDD7-4C52-8C58-0CAC096C275F}.Debug|x64.ActiveCfg = Debug|Any CPU
		{37537720-FDD7-4C52-8C58-0CAC096C275F}.Debug|x64.Build.0 = Debug|Any CPU
		{37537720-FDD7-4C52-8C58-0CAC096C275F}.Debug|x86.ActiveCfg = Debug|Any CPU
		{37537720-FDD7-4C52-8C58-0CAC096C275F}.Debug|x86.Build.0 = Debug|Any CPU
		{37537720-FDD7-4C52-8C58-0CAC096C275F}.Release|Any CPU.ActiveCfg = Release|Any CPU
		{37537720-FDD7-4C52-8C58-0CAC096C275F}.Release|Any CPU.Build.0 = Release|Any CPU
		{37537720-FDD7-4C52-8C58-0CAC096C275F}.Release|x64.ActiveCfg = Release|Any CPU
		{37537720-FDD7-4C52-8C58-0CAC096C275F}.Release|x64.Build.0 = Release|Any CPU
		{37537720-FDD7-4C52-8C58-0CAC096C275F}.Release|x86.ActiveCfg = Debug|Any CPU
		{37537720-FDD7-4C52-8C58-0CAC096C275F}.Release|x86.Build.0 = Debug|Any CPU
		{D4E5F6A7-B8C9-0123-DEF0-456789012345}.Debug|Any CPU.ActiveCfg = Debug|Any CPU
		{D4E5F6A7-B8C9-0123-DEF0-456789012345}.Debug|Any CPU.Build.0 = Debug|Any CPU
		{D4E5F6A7-B8C9-0123-DEF0-456789012345}.Debug|x64.ActiveCfg = Debug|Any CPU
		{D4E5F6A7-B8C9-0123-DEF0-456789012345}.Debug|x64.Build.0 = Debug|Any CPU
		{D4E5F6A7-B8C9-0123-DEF0-456789012345}.Debug|x86.ActiveCfg = Debug|Any CPU
		{D4E5F6A7-B8C9-0123-DEF0-456789012345}.Debug|x86.Build.0 = Debug|Any CPU
		{D4E5F6A7-B8C9-0123-DEF0-456789012345}.Release|Any CPU.ActiveCfg = Release|Any CPU
		{D4E5F6A7-B8C9-0123-DEF0-456789012345}.Release|Any CPU.Build.0 = Release|Any CPU
		{D4E5F6A7-B8C9-0123-DEF0-456789012345}.Release|x64.ActiveCfg = Release|Any CPU
		{D4E5F6A7-B8C9-0123-DEF0-456789012345}.Release|x64.Build.0 = Release|Any CPU
		{D4E5F6A7-B8C9-0123-DEF0-456789012345}.Release|x86.ActiveCfg = Debug|Any CPU
		{D4E5F6A7-B8C9-0123-DEF0-456789012345}.Release|x86.Build.0 = Debug|Any CPU
		{49AF2B36-E95B-42DF-BFBB-C54FAC803DEA}.Debug|Any CPU.ActiveCfg = Debug|Any CPU
		{49AF2B36-E95B-42DF-BFBB-C54FAC803DEA}.Debug|Any CPU.Build.0 = Debug|Any CPU
		{49AF2B36-E95B-42DF-BFBB-C54FAC803DEA}.Debug|x64.ActiveCfg = Debug|Any CPU
		{49AF2B36-E95B-42DF-BFBB-C54FAC803DEA}.Debug|x64.Build.0 = Debug|Any CPU
		{49AF2B36-E95B-42DF-BFBB-C54FAC803DEA}.Debug|x86.ActiveCfg = Debug|Any CPU
		{49AF2B36-E95B-42DF-BFBB-C54FAC803DEA}.Debug|x86.Build.0 = Debug|Any CPU
		{49AF2B36-E95B-42DF-BFBB-C54FAC803DEA}.Release|Any CPU.ActiveCfg = Release|Any CPU
		{49AF2B36-E95B-42DF-BFBB-C54FAC803DEA}.Release|Any CPU.Build.0 = Release|Any CPU
		{49AF2B36-E95B-42DF-BFBB-C54FAC803DEA}.Release|x64.ActiveCfg = Release|Any CPU
		{49AF2B36-E95B-42DF-BFBB-C54FAC803DEA}.Release|x64.Build.0 = Release|Any CPU
		{49AF2B36-E95B-42DF-BFBB-C54FAC803DEA}.Release|x86.ActiveCfg = Debug|Any CPU
		{49AF2B36-E95B-42DF-BFBB-C54FAC803DEA}.Release|x86.Build.0 = Debug|Any CPU
		{B2C3D4E5-F6A7-8901-BCDE-F23456789012}.Debug|Any CPU.ActiveCfg = Debug|Any CPU
		{B2C3D4E5-F6A7-8901-BCDE-F23456789012}.Debug|Any CPU.Build.0 = Debug|Any CPU
		{B2C3D4E5-F6A7-8901-BCDE-F23456789012}.Debug|x64.ActiveCfg = Debug|Any CPU
		{B2C3D4E5-F6A7-8901-BCDE-F23456789012}.Debug|x64.Build.0 = Debug|Any CPU
		{B2C3D4E5-F6A7-8901-BCDE-F23456789012}.Debug|x86.ActiveCfg = Debug|Any CPU
		{B2C3D4E5-F6A7-8901-BCDE-F23456789012}.Debug|x86.Build.0 = Debug|Any CPU
		{B2C3D4E5-F6A7-8901-BCDE-F23456789012}.Release|Any CPU.ActiveCfg = Release|Any CPU
		{B2C3D4E5-F6A7-8901-BCDE-F23456789012}.Release|Any CPU.Build.0 = Release|Any CPU
		{B2C3D4E5-F6A7-8901-BCDE-F23456789012}.Release|x64.ActiveCfg = Release|Any CPU
		{B2C3D4E5-F6A7-8901-BCDE-F23456789012}.Release|x64.Build.0 = Release|Any CPU
		{B2C3D4E5-F6A7-8901-BCDE-F23456789012}.Release|x86.ActiveCfg = Debug|Any CPU
		{B2C3D4E5-F6A7-8901-BCDE-F23456789012}.Release|x86.Build.0 = Debug|Any CPU
		{C3D4E5F6-A7B8-9012-CDEF-345678901234}.Debug|Any CPU.ActiveCfg = Debug|Any CPU
		{C3D4E5F6-A7B8-9012-CDEF-345678901234}.Debug|Any CPU.Build.0 = Debug|Any CPU
		{C3D4E5F6-A7B8-9012-CDEF-345678901234}.Debug|x64.ActiveCfg = Debug|Any CPU
		{C3D4E5F6-A7B8-9012-CDEF-345678901234}.Debug|x64.Build.0 = Debug|Any CPU
		{C3D4E5F6-A7B8-9012-CDEF-345678901234}.Debug|x86.ActiveCfg = Debug|Any CPU
		{C3D4E5F6-A7B8-9012-CDEF-345678901234}.Debug|x86.Build.0 = Debug|Any CPU
		{C3D4E5F6-A7B8-9012-CDEF-345678901234}.Release|Any CPU.ActiveCfg = Release|Any CPU
		{C3D4E5F6-A7B8-9012-CDEF-345678901234}.Release|Any CPU.Build.0 = Release|Any CPU
		{C3D4E5F6-A7B8-9012-CDEF-345678901234}.Release|x64.ActiveCfg = Release|Any CPU
		{C3D4E5F6-A7B8-9012-CDEF-345678901234}.Release|x64.Build.0 = Release|Any CPU
		{C3D4E5F6-A7B8-9012-CDEF-345678901234}.Release|x86.ActiveCfg = Debug|Any CPU
		{C3D4E5F6-A7B8-9012-CDEF-345678901234}.Release|x86.Build.0 = Debug|Any CPU
		{7D608881-5EB2-4926-B344-64E5E292FCBD}.Debug|Any CPU.ActiveCfg = Debug|Any CPU
		{7D608881-5EB2-4926-B344-64E5E292FCBD}.Debug|Any CPU.Build.0 = Debug|Any CPU
		{7D608881-5EB2-4926-B344-64E5E292FCBD}.Debug|x64.ActiveCfg = Debug|Any CPU
		{7D608881-5EB2-4926-B344-64E5E292FCBD}.Debug|x64.Build.0 = Debug|Any CPU
		{7D608881-5EB2-4926-B344-64E5E292FCBD}.Debug|x86.ActiveCfg = Debug|Any CPU
		{7D608881-5EB2-4926-B344-64E5E292FCBD}.Debug|x86.Build.0 = Debug|Any CPU
		{7D608881-5EB2-4926-B344-64E5E292FCBD}.Release|Any CPU.ActiveCfg = Release|Any CPU
		{7D608881-5EB2-4926-B344-64E5E292FCBD}.Release|Any CPU.Build.0 = Release|Any CPU
		{7D608881-5EB2-4926-B344-64E5E292FCBD}.Release|x64.ActiveCfg = Release|Any CPU
		{7D608881-5EB2-4926-B344-64E5E292FCBD}.Release|x64.Build.0 = Release|Any CPU
		{7D608881-5EB2-4926-B344-64E5E292FCBD}.Release|x86.ActiveCfg = Debug|Any CPU
		{7D608881-5EB2-4926-B344-64E5E292FCBD}.Release|x86.Build.0 = Debug|Any CPU
		{A6A65176-2912-4932-82EF-8CF12E24463A}.Debug|Any CPU.ActiveCfg = Debug|Any CPU
		{A6A65176-2912-4932-82EF-8CF12E24463A}.Debug|Any CPU.Build.0 = Debug|Any CPU
		{A6A65176-2912-4932-82EF-8CF12E24463A}.Debug|x64.ActiveCfg = Debug|Any CPU
		{A6A65176-2912-4932-82EF-8CF12E24463A}.Debug|x64.Build.0 = Debug|Any CPU
		{A6A65176-2912-4932-82EF-8CF12E24463A}.Debug|x86.ActiveCfg = Debug|Any CPU
		{A6A65176-2912-4932-82EF-8CF12E24463A}.Debug|x86.Build.0 = Debug|Any CPU
		{A6A65176-2912-4932-82EF-8CF12E24463A}.Release|Any CPU.ActiveCfg = Release|Any CPU
		{A6A65176-2912-4932-82EF-8CF12E24463A}.Release|Any CPU.Build.0 = Release|Any CPU
		{A6A65176-2912-4932-82EF-8CF12E24463A}.Release|x64.ActiveCfg = Release|Any CPU
		{A6A65176-2912-4932-82EF-8CF12E24463A}.Release|x64.Build.0 = Release|Any CPU
		{A6A65176-2912-4932-82EF-8CF12E24463A}.Release|x86.ActiveCfg = Debug|Any CPU
		{A6A65176-2912-4932-82EF-8CF12E24463A}.Release|x86.Build.0 = Debug|Any CPU
		{0896715C-64D4-4ACB-B347-31E154D01D97}.Debug|Any CPU.ActiveCfg = Debug|Any CPU
		{0896715C-64D4-4ACB-B347-31E154D01D97}.Debug|Any CPU.Build.0 = Debug|Any CPU
		{0896715C-64D4-4ACB-B347-31E154D01D97}.Debug|x64.ActiveCfg = Debug|Any CPU
		{0896715C-64D4-4ACB-B347-31E154D01D97}.Debug|x64.Build.0 = Debug|Any CPU
		{0896715C-64D4-4ACB-B347-31E154D01D97}.Debug|x86.ActiveCfg = Debug|Any CPU
		{0896715C-64D4-4ACB-B347-31E154D01D97}.Debug|x86.Build.0 = Debug|Any CPU
		{0896715C-64D4-4ACB-B347-31E154D01D97}.Release|Any CPU.ActiveCfg = Release|Any CPU
		{0896715C-64D4-4ACB-B347-31E154D01D97}.Release|Any CPU.Build.0 = Release|Any CPU
		{0896715C-64D4-4ACB-B347-31E154D01D97}.Release|x64.ActiveCfg = Release|Any CPU
		{0896715C-64D4-4ACB-B347-31E154D01D97}.Release|x64.Build.0 = Release|Any CPU
		{0896715C-64D4-4ACB-B347-31E154D01D97}.Release|x86.ActiveCfg = Release|Any CPU
		{0896715C-64D4-4ACB-B347-31E154D01D97}.Release|x86.Build.0 = Release|Any CPU
		{2A3D6E31-0D0B-4E1C-BBB0-51A4AC34E3BE}.Debug|Any CPU.ActiveCfg = Debug|Any CPU
		{2A3D6E31-0D0B-4E1C-BBB0-51A4AC34E3BE}.Debug|Any CPU.Build.0 = Debug|Any CPU
		{2A3D6E31-0D0B-4E1C-BBB0-51A4AC34E3BE}.Debug|x64.ActiveCfg = Debug|Any CPU
		{2A3D6E31-0D0B-4E1C-BBB0-51A4AC34E3BE}.Debug|x64.Build.0 = Debug|Any CPU
		{2A3D6E31-0D0B-4E1C-BBB0-51A4AC34E3BE}.Debug|x86.ActiveCfg = Debug|Any CPU
		{2A3D6E31-0D0B-4E1C-BBB0-51A4AC34E3BE}.Debug|x86.Build.0 = Debug|Any CPU
		{2A3D6E31-0D0B-4E1C-BBB0-51A4AC34E3BE}.Release|Any CPU.ActiveCfg = Release|Any CPU
		{2A3D6E31-0D0B-4E1C-BBB0-51A4AC34E3BE}.Release|Any CPU.Build.0 = Release|Any CPU
		{2A3D6E31-0D0B-4E1C-BBB0-51A4AC34E3BE}.Release|x64.ActiveCfg = Release|Any CPU
		{2A3D6E31-0D0B-4E1C-BBB0-51A4AC34E3BE}.Release|x64.Build.0 = Release|Any CPU
		{2A3D6E31-0D0B-4E1C-BBB0-51A4AC34E3BE}.Release|x86.ActiveCfg = Release|Any CPU
		{2A3D6E31-0D0B-4E1C-BBB0-51A4AC34E3BE}.Release|x86.Build.0 = Release|Any CPU
		{91B03161-10B6-4023-A284-9DD66E93EBD4}.Debug|Any CPU.ActiveCfg = Debug|Any CPU
		{91B03161-10B6-4023-A284-9DD66E93EBD4}.Debug|Any CPU.Build.0 = Debug|Any CPU
		{91B03161-10B6-4023-A284-9DD66E93EBD4}.Debug|x64.ActiveCfg = Debug|Any CPU
		{91B03161-10B6-4023-A284-9DD66E93EBD4}.Debug|x64.Build.0 = Debug|Any CPU
		{91B03161-10B6-4023-A284-9DD66E93EBD4}.Debug|x86.ActiveCfg = Debug|Any CPU
		{91B03161-10B6-4023-A284-9DD66E93EBD4}.Debug|x86.Build.0 = Debug|Any CPU
		{91B03161-10B6-4023-A284-9DD66E93EBD4}.Release|Any CPU.ActiveCfg = Release|Any CPU
		{91B03161-10B6-4023-A284-9DD66E93EBD4}.Release|Any CPU.Build.0 = Release|Any CPU
		{91B03161-10B6-4023-A284-9DD66E93EBD4}.Release|x64.ActiveCfg = Release|Any CPU
		{91B03161-10B6-4023-A284-9DD66E93EBD4}.Release|x64.Build.0 = Release|Any CPU
		{91B03161-10B6-4023-A284-9DD66E93EBD4}.Release|x86.ActiveCfg = Debug|Any CPU
		{91B03161-10B6-4023-A284-9DD66E93EBD4}.Release|x86.Build.0 = Release|Any CPU
	EndGlobalSection
	GlobalSection(SolutionProperties) = preSolution
		HideSolutionNode = FALSE
	EndGlobalSection
	GlobalSection(NestedProjects) = postSolution
		{0896715C-64D4-4ACB-B347-31E154D01D97} = {07C2787E-EAC7-C090-1BA3-A61EC2A24D84}
		{2A3D6E31-0D0B-4E1C-BBB0-51A4AC34E3BE} = {07C2787E-EAC7-C090-1BA3-A61EC2A24D84}
	EndGlobalSection
EndGlobal
